
Microsoft Visual Studio Solution File, Format Version 12.00
# Visual Studio 2012
Project("{FAE04EC0-301F-11D3-BF4B-00C04F79EFBC}") = "GeomBuilder", "GeomBuilder\GeomBuilder.csproj", "{2111496E-CF1F-4D7C-AE03-7D658AF7010B}"
EndProject
Project("{F2A71F9B-5D33-465A-A702-920D77279786}") = "GeometryLibrary", "GeometryLibrary\GeometryLibrary.fsproj", "{4E7D2230-EFCF-4264-8582-D92CB2B87516}"
EndProject
Project("{2150E333-8FDC-42A3-9474-1A3956D46DE8}") = ".nuget", ".nuget", "{7C26192D-909C-4D45-826C-551BACD557FF}"
	ProjectSection(SolutionItems) = preProject
		.nuget\NuGet.Config = .nuget\NuGet.Config
		.nuget\NuGet.exe = .nuget\NuGet.exe
		.nuget\NuGet.targets = .nuget\NuGet.targets
	EndProjectSection
EndProject
Project("{F2A71F9B-5D33-465A-A702-920D77279786}") = "Tests", "Library1\Tests.fsproj", "{9974923D-4C24-4869-A24A-8FBDFEED404C}"
EndProject
Global
	GlobalSection(SolutionConfigurationPlatforms) = preSolution
		Debug|Any CPU = Debug|Any CPU
		Release|Any CPU = Release|Any CPU
	EndGlobalSection
	GlobalSection(ProjectConfigurationPlatforms) = postSolution
		{2111496E-CF1F-4D7C-AE03-7D658AF7010B}.Debug|Any CPU.ActiveCfg = Debug|Any CPU
		{2111496E-CF1F-4D7C-AE03-7D658AF7010B}.Debug|Any CPU.Build.0 = Debug|Any CPU
		{2111496E-CF1F-4D7C-AE03-7D658AF7010B}.Release|Any CPU.ActiveCfg = Release|Any CPU
		{2111496E-CF1F-4D7C-AE03-7D658AF7010B}.Release|Any CPU.Build.0 = Release|Any CPU
		{4E7D2230-EFCF-4264-8582-D92CB2B87516}.Debug|Any CPU.ActiveCfg = Debug|Any CPU
		{4E7D2230-EFCF-4264-8582-D92CB2B87516}.Debug|Any CPU.Build.0 = Debug|Any CPU
		{4E7D2230-EFCF-4264-8582-D92CB2B87516}.Release|Any CPU.ActiveCfg = Release|Any CPU
		{4E7D2230-EFCF-4264-8582-D92CB2B87516}.Release|Any CPU.Build.0 = Release|Any CPU
		{9974923D-4C24-4869-A24A-8FBDFEED404C}.Debug|Any CPU.ActiveCfg = Debug|Any CPU
		{9974923D-4C24-4869-A24A-8FBDFEED404C}.Debug|Any CPU.Build.0 = Debug|Any CPU
		{9974923D-4C24-4869-A24A-8FBDFEED404C}.Release|Any CPU.ActiveCfg = Release|Any CPU
		{9974923D-4C24-4869-A24A-8FBDFEED404C}.Release|Any CPU.Build.0 = Release|Any CPU
	EndGlobalSection
	GlobalSection(SolutionProperties) = preSolution
		HideSolutionNode = FALSE
	EndGlobalSection
EndGlobal
